
Microsoft Visual Studio Solution File, Format Version 12.00
# Visual Studio 15
VisualStudioVersion = 15.0.28307.1231
MinimumVisualStudioVersion = 10.0.40219.1
Project("{888888A0-9F3D-457C-B088-3A5042F75D52}") = "logger", "logger\logger.pyproj", "{3B465C1A-879A-450A-9146-AC2EEF2092E3}"
EndProject
Global
	GlobalSection(SolutionConfigurationPlatforms) = preSolution
		Debug|Any CPU = Debug|Any CPU
		Release|Any CPU = Release|Any CPU
	EndGlobalSection
	GlobalSection(ProjectConfigurationPlatforms) = postSolution
		{3B465C1A-879A-450A-9146-AC2EEF2092E3}.Debug|Any CPU.ActiveCfg = Debug|Any CPU
		{3B465C1A-879A-450A-9146-AC2EEF2092E3}.Release|Any CPU.ActiveCfg = Release|Any CPU
	EndGlobalSection
	GlobalSection(SolutionProperties) = preSolution
		HideSolutionNode = FALSE
	EndGlobalSection
	GlobalSection(ExtensibilityGlobals) = postSolution
		SolutionGuid = {AAAAA5F1-E9E6-44D1-B838-BCEDF57B6F70}
	EndGlobalSection
EndGlobal
